// !$*UTF8*$!
{
	archiveVersion = 1;
	classes = {
	};
	objectVersion = 46;
	objects = {

/* Begin PBXBuildFile section */
		E9CCB30316E4A20C0089FFFC /* BaseContainer.hpp in Headers */ = {isa = PBXBuildFile; fileRef = E9CCB2FC16E4A20C0089FFFC /* BaseContainer.hpp */; };
		E9CCB30416E4A20C0089FFFC /* Block.hpp in Headers */ = {isa = PBXBuildFile; fileRef = E9CCB2FD16E4A20C0089FFFC /* Block.hpp */; };
		E9CCB30516E4A20C0089FFFC /* File.hpp in Headers */ = {isa = PBXBuildFile; fileRef = E9CCB2FE16E4A20C0089FFFC /* File.hpp */; };
		E9CCB30616E4A20C0089FFFC /* BaseContainer.cpp in Sources */ = {isa = PBXBuildFile; fileRef = E9CCB30016E4A20C0089FFFC /* BaseContainer.cpp */; };
		E9CCB30716E4A20C0089FFFC /* Block.cpp in Sources */ = {isa = PBXBuildFile; fileRef = E9CCB30116E4A20C0089FFFC /* Block.cpp */; };
		E9CCB30816E4A20C0089FFFC /* File.cpp in Sources */ = {isa = PBXBuildFile; fileRef = E9CCB30216E4A20C0089FFFC /* File.cpp */; };
		E9CCB30B16E4A2430089FFFC /* libhdf5_cpp.7.dylib in Frameworks */ = {isa = PBXBuildFile; fileRef = E9CCB30916E4A2430089FFFC /* libhdf5_cpp.7.dylib */; };
		E9CCB30C16E4A2430089FFFC /* libhdf5.7.dylib in Frameworks */ = {isa = PBXBuildFile; fileRef = E9CCB30A16E4A2430089FFFC /* libhdf5.7.dylib */; };
		E9CCB32116E4A49E0089FFFC /* test_block.cpp in Sources */ = {isa = PBXBuildFile; fileRef = E9CCB32016E4A49E0089FFFC /* test_block.cpp */; };
		E9CCB32316E4A56F0089FFFC /* libhdf5_cpp.7.dylib in Frameworks */ = {isa = PBXBuildFile; fileRef = E9CCB30916E4A2430089FFFC /* libhdf5_cpp.7.dylib */; };
		E9CCB32416E4A56F0089FFFC /* libhdf5.7.dylib in Frameworks */ = {isa = PBXBuildFile; fileRef = E9CCB30A16E4A2430089FFFC /* libhdf5.7.dylib */; };
		E9CCB32516E4A5850089FFFC /* pandora.dylib in Frameworks */ = {isa = PBXBuildFile; fileRef = E9CCB2DB16E4A0870089FFFC /* pandora.dylib */; };
/* End PBXBuildFile section */

/* Begin PBXCopyFilesBuildPhase section */
		E9CCB31516E4A48C0089FFFC /* CopyFiles */ = {
			isa = PBXCopyFilesBuildPhase;
			buildActionMask = 2147483647;
			dstPath = /usr/share/man/man1/;
			dstSubfolderSpec = 0;
			files = (
			);
			runOnlyForDeploymentPostprocessing = 1;
		};
/* End PBXCopyFilesBuildPhase section */

/* Begin PBXFileReference section */
		E9CCB2DB16E4A0870089FFFC /* pandora.dylib */ = {isa = PBXFileReference; explicitFileType = "compiled.mach-o.dylib"; includeInIndex = 0; path = pandora.dylib; sourceTree = BUILT_PRODUCTS_DIR; };
		E9CCB2FC16E4A20C0089FFFC /* BaseContainer.hpp */ = {isa = PBXFileReference; fileEncoding = 4; lastKnownFileType = sourcecode.cpp.h; path = BaseContainer.hpp; sourceTree = "<group>"; };
		E9CCB2FD16E4A20C0089FFFC /* Block.hpp */ = {isa = PBXFileReference; fileEncoding = 4; lastKnownFileType = sourcecode.cpp.h; path = Block.hpp; sourceTree = "<group>"; };
		E9CCB2FE16E4A20C0089FFFC /* File.hpp */ = {isa = PBXFileReference; fileEncoding = 4; lastKnownFileType = sourcecode.cpp.h; path = File.hpp; sourceTree = "<group>"; };
		E9CCB30016E4A20C0089FFFC /* BaseContainer.cpp */ = {isa = PBXFileReference; fileEncoding = 4; lastKnownFileType = sourcecode.cpp.cpp; path = BaseContainer.cpp; sourceTree = "<group>"; };
		E9CCB30116E4A20C0089FFFC /* Block.cpp */ = {isa = PBXFileReference; fileEncoding = 4; lastKnownFileType = sourcecode.cpp.cpp; path = Block.cpp; sourceTree = "<group>"; };
		E9CCB30216E4A20C0089FFFC /* File.cpp */ = {isa = PBXFileReference; fileEncoding = 4; lastKnownFileType = sourcecode.cpp.cpp; path = File.cpp; sourceTree = "<group>"; };
		E9CCB30916E4A2430089FFFC /* libhdf5_cpp.7.dylib */ = {isa = PBXFileReference; lastKnownFileType = "compiled.mach-o.dylib"; name = libhdf5_cpp.7.dylib; path = /usr/local/Cellar/hdf5/1.8.9/lib/libhdf5_cpp.7.dylib; sourceTree = "<absolute>"; };
		E9CCB30A16E4A2430089FFFC /* libhdf5.7.dylib */ = {isa = PBXFileReference; lastKnownFileType = "compiled.mach-o.dylib"; name = libhdf5.7.dylib; path = /usr/local/Cellar/hdf5/1.8.9/lib/libhdf5.7.dylib; sourceTree = "<absolute>"; };
		E9CCB31716E4A48C0089FFFC /* test_block */ = {isa = PBXFileReference; explicitFileType = "compiled.mach-o.executable"; includeInIndex = 0; path = test_block; sourceTree = BUILT_PRODUCTS_DIR; };
		E9CCB32016E4A49E0089FFFC /* test_block.cpp */ = {isa = PBXFileReference; fileEncoding = 4; lastKnownFileType = sourcecode.cpp.cpp; path = test_block.cpp; sourceTree = SOURCE_ROOT; };
/* End PBXFileReference section */

/* Begin PBXFrameworksBuildPhase section */
		E9CCB2D816E4A0870089FFFC /* Frameworks */ = {
			isa = PBXFrameworksBuildPhase;
			buildActionMask = 2147483647;
			files = (
				E9CCB30B16E4A2430089FFFC /* libhdf5_cpp.7.dylib in Frameworks */,
				E9CCB30C16E4A2430089FFFC /* libhdf5.7.dylib in Frameworks */,
			);
			runOnlyForDeploymentPostprocessing = 0;
		};
		E9CCB31416E4A48C0089FFFC /* Frameworks */ = {
			isa = PBXFrameworksBuildPhase;
			buildActionMask = 2147483647;
			files = (
				E9CCB32516E4A5850089FFFC /* pandora.dylib in Frameworks */,
				E9CCB32316E4A56F0089FFFC /* libhdf5_cpp.7.dylib in Frameworks */,
				E9CCB32416E4A56F0089FFFC /* libhdf5.7.dylib in Frameworks */,
			);
			runOnlyForDeploymentPostprocessing = 0;
		};
/* End PBXFrameworksBuildPhase section */

/* Begin PBXGroup section */
		E9CCB2D216E4A0870089FFFC = {
			isa = PBXGroup;
			children = (
				E9CCB2FB16E4A20C0089FFFC /* include */,
				E9CCB2FF16E4A20C0089FFFC /* src */,
				E9CCB31816E4A48C0089FFFC /* test_block */,
				E9CCB32216E4A4C70089FFFC /* libs */,
				E9CCB2DC16E4A0870089FFFC /* Products */,
			);
			sourceTree = "<group>";
		};
		E9CCB2DC16E4A0870089FFFC /* Products */ = {
			isa = PBXGroup;
			children = (
				E9CCB2DB16E4A0870089FFFC /* pandora.dylib */,
				E9CCB31716E4A48C0089FFFC /* test_block */,
			);
			name = Products;
			sourceTree = "<group>";
		};
		E9CCB2FB16E4A20C0089FFFC /* include */ = {
			isa = PBXGroup;
			children = (
				E9CCB2FC16E4A20C0089FFFC /* BaseContainer.hpp */,
				E9CCB2FD16E4A20C0089FFFC /* Block.hpp */,
				E9CCB2FE16E4A20C0089FFFC /* File.hpp */,
			);
			path = include;
			sourceTree = "<group>";
		};
		E9CCB2FF16E4A20C0089FFFC /* src */ = {
			isa = PBXGroup;
			children = (
				E9CCB30016E4A20C0089FFFC /* BaseContainer.cpp */,
				E9CCB30116E4A20C0089FFFC /* Block.cpp */,
				E9CCB30216E4A20C0089FFFC /* File.cpp */,
			);
			path = src;
			sourceTree = "<group>";
		};
		E9CCB31816E4A48C0089FFFC /* test_block */ = {
			isa = PBXGroup;
			children = (
				E9CCB32016E4A49E0089FFFC /* test_block.cpp */,
			);
			path = test_block;
			sourceTree = "<group>";
		};
		E9CCB32216E4A4C70089FFFC /* libs */ = {
			isa = PBXGroup;
			children = (
				E9CCB30916E4A2430089FFFC /* libhdf5_cpp.7.dylib */,
				E9CCB30A16E4A2430089FFFC /* libhdf5.7.dylib */,
			);
			name = libs;
			sourceTree = "<group>";
		};
/* End PBXGroup section */

/* Begin PBXHeadersBuildPhase section */
		E9CCB2D916E4A0870089FFFC /* Headers */ = {
			isa = PBXHeadersBuildPhase;
			buildActionMask = 2147483647;
			files = (
				E9CCB30316E4A20C0089FFFC /* BaseContainer.hpp in Headers */,
				E9CCB30416E4A20C0089FFFC /* Block.hpp in Headers */,
				E9CCB30516E4A20C0089FFFC /* File.hpp in Headers */,
			);
			runOnlyForDeploymentPostprocessing = 0;
		};
/* End PBXHeadersBuildPhase section */

/* Begin PBXNativeTarget section */
		E9CCB2DA16E4A0870089FFFC /* pandora */ = {
			isa = PBXNativeTarget;
			buildConfigurationList = E9CCB2E816E4A0870089FFFC /* Build configuration list for PBXNativeTarget "pandora" */;
			buildPhases = (
				E9CCB2D716E4A0870089FFFC /* Sources */,
				E9CCB2D816E4A0870089FFFC /* Frameworks */,
				E9CCB2D916E4A0870089FFFC /* Headers */,
			);
			buildRules = (
			);
			dependencies = (
			);
			name = pandora;
			productName = cxx_test;
			productReference = E9CCB2DB16E4A0870089FFFC /* pandora.dylib */;
			productType = "com.apple.product-type.library.dynamic";
		};
		E9CCB31616E4A48C0089FFFC /* test_block */ = {
			isa = PBXNativeTarget;
			buildConfigurationList = E9CCB31D16E4A48C0089FFFC /* Build configuration list for PBXNativeTarget "test_block" */;
			buildPhases = (
				E9CCB31316E4A48C0089FFFC /* Sources */,
				E9CCB31416E4A48C0089FFFC /* Frameworks */,
				E9CCB31516E4A48C0089FFFC /* CopyFiles */,
			);
			buildRules = (
			);
			dependencies = (
			);
			name = test_block;
			productName = test_block;
			productReference = E9CCB31716E4A48C0089FFFC /* test_block */;
			productType = "com.apple.product-type.tool";
		};
/* End PBXNativeTarget section */

/* Begin PBXProject section */
		E9CCB2D316E4A0870089FFFC /* Project object */ = {
			isa = PBXProject;
			attributes = {
				LastUpgradeCheck = 0460;
				ORGANIZATIONNAME = "G-Node";
			};
			buildConfigurationList = E9CCB2D616E4A0870089FFFC /* Build configuration list for PBXProject "pandora" */;
			compatibilityVersion = "Xcode 3.2";
			developmentRegion = English;
			hasScannedForEncodings = 0;
			knownRegions = (
				en,
			);
			mainGroup = E9CCB2D216E4A0870089FFFC;
			productRefGroup = E9CCB2DC16E4A0870089FFFC /* Products */;
			projectDirPath = "";
			projectRoot = "";
			targets = (
				E9CCB2DA16E4A0870089FFFC /* pandora */,
				E9CCB31616E4A48C0089FFFC /* test_block */,
			);
		};
/* End PBXProject section */

/* Begin PBXSourcesBuildPhase section */
		E9CCB2D716E4A0870089FFFC /* Sources */ = {
			isa = PBXSourcesBuildPhase;
			buildActionMask = 2147483647;
			files = (
				E9CCB30616E4A20C0089FFFC /* BaseContainer.cpp in Sources */,
				E9CCB30716E4A20C0089FFFC /* Block.cpp in Sources */,
				E9CCB30816E4A20C0089FFFC /* File.cpp in Sources */,
			);
			runOnlyForDeploymentPostprocessing = 0;
		};
		E9CCB31316E4A48C0089FFFC /* Sources */ = {
			isa = PBXSourcesBuildPhase;
			buildActionMask = 2147483647;
			files = (
				E9CCB32116E4A49E0089FFFC /* test_block.cpp in Sources */,
			);
			runOnlyForDeploymentPostprocessing = 0;
		};
/* End PBXSourcesBuildPhase section */

/* Begin XCBuildConfiguration section */
		E9CCB2E616E4A0870089FFFC /* Debug */ = {
			isa = XCBuildConfiguration;
			buildSettings = {
				ALWAYS_SEARCH_USER_PATHS = NO;
				ARCHS = "$(ARCHS_STANDARD_64_BIT)";
				CLANG_CXX_LANGUAGE_STANDARD = "gnu++0x";
				CLANG_CXX_LIBRARY = "libstdc++";
				CLANG_WARN_CONSTANT_CONVERSION = YES;
				CLANG_WARN_EMPTY_BODY = YES;
				CLANG_WARN_ENUM_CONVERSION = YES;
				CLANG_WARN_INT_CONVERSION = YES;
				CLANG_WARN__DUPLICATE_METHOD_MATCH = YES;
				COPY_PHASE_STRIP = NO;
				GCC_C_LANGUAGE_STANDARD = gnu99;
				GCC_DYNAMIC_NO_PIC = NO;
				GCC_ENABLE_OBJC_EXCEPTIONS = YES;
				GCC_OPTIMIZATION_LEVEL = 0;
				GCC_PREPROCESSOR_DEFINITIONS = (
					"DEBUG=1",
					"$(inherited)",
				);
				GCC_SYMBOLS_PRIVATE_EXTERN = NO;
				GCC_WARN_64_TO_32_BIT_CONVERSION = YES;
				GCC_WARN_ABOUT_RETURN_TYPE = YES;
				GCC_WARN_UNINITIALIZED_AUTOS = YES;
				GCC_WARN_UNUSED_VARIABLE = YES;
				HEADER_SEARCH_PATHS = /usr/local/include;
				MACOSX_DEPLOYMENT_TARGET = 10.8;
				ONLY_ACTIVE_ARCH = YES;
				SDKROOT = macosx;
			};
			name = Debug;
		};
		E9CCB2E716E4A0870089FFFC /* Release */ = {
			isa = XCBuildConfiguration;
			buildSettings = {
				ALWAYS_SEARCH_USER_PATHS = NO;
				ARCHS = "$(ARCHS_STANDARD_64_BIT)";
				CLANG_CXX_LANGUAGE_STANDARD = "gnu++0x";
				CLANG_CXX_LIBRARY = "libstdc++";
				CLANG_WARN_CONSTANT_CONVERSION = YES;
				CLANG_WARN_EMPTY_BODY = YES;
				CLANG_WARN_ENUM_CONVERSION = YES;
				CLANG_WARN_INT_CONVERSION = YES;
				CLANG_WARN__DUPLICATE_METHOD_MATCH = YES;
				COPY_PHASE_STRIP = YES;
				DEBUG_INFORMATION_FORMAT = "dwarf-with-dsym";
				GCC_C_LANGUAGE_STANDARD = gnu99;
				GCC_ENABLE_OBJC_EXCEPTIONS = YES;
				GCC_WARN_64_TO_32_BIT_CONVERSION = YES;
				GCC_WARN_ABOUT_RETURN_TYPE = YES;
				GCC_WARN_UNINITIALIZED_AUTOS = YES;
				GCC_WARN_UNUSED_VARIABLE = YES;
				HEADER_SEARCH_PATHS = /usr/local/include;
				MACOSX_DEPLOYMENT_TARGET = 10.8;
				SDKROOT = macosx;
			};
			name = Release;
		};
		E9CCB2E916E4A0870089FFFC /* Debug */ = {
			isa = XCBuildConfiguration;
			buildSettings = {
				HEADER_SEARCH_PATHS = /usr/local/include;
				LIBRARY_SEARCH_PATHS = (
					"$(inherited)",
					/usr/local/Cellar/hdf5/1.8.9/lib,
				);
				PRODUCT_NAME = pandora;
			};
			name = Debug;
		};
		E9CCB2EA16E4A0870089FFFC /* Release */ = {
			isa = XCBuildConfiguration;
			buildSettings = {
				HEADER_SEARCH_PATHS = /usr/local/include;
				LIBRARY_SEARCH_PATHS = (
					"$(inherited)",
					/usr/local/Cellar/hdf5/1.8.9/lib,
				);
				PRODUCT_NAME = pandora;
			};
			name = Release;
		};
		E9CCB31E16E4A48C0089FFFC /* Debug */ = {
			isa = XCBuildConfiguration;
			buildSettings = {
				CLANG_CXX_LIBRARY = "libstdc++";
				LIBRARY_SEARCH_PATHS = (
					"$(inherited)",
					/usr/local/Cellar/hdf5/1.8.9/lib,
				);
				PRODUCT_NAME = "$(TARGET_NAME)";
			};
			name = Debug;
		};
		E9CCB31F16E4A48C0089FFFC /* Release */ = {
			isa = XCBuildConfiguration;
			buildSettings = {
				CLANG_CXX_LIBRARY = "libstdc++";
				LIBRARY_SEARCH_PATHS = (
					"$(inherited)",
					/usr/local/Cellar/hdf5/1.8.9/lib,
				);
				PRODUCT_NAME = "$(TARGET_NAME)";
			};
			name = Release;
		};
/* End XCBuildConfiguration section */

/* Begin XCConfigurationList section */
		E9CCB2D616E4A0870089FFFC /* Build configuration list for PBXProject "pandora" */ = {
			isa = XCConfigurationList;
			buildConfigurations = (
				E9CCB2E616E4A0870089FFFC /* Debug */,
				E9CCB2E716E4A0870089FFFC /* Release */,
			);
			defaultConfigurationIsVisible = 0;
			defaultConfigurationName = Release;
		};
		E9CCB2E816E4A0870089FFFC /* Build configuration list for PBXNativeTarget "pandora" */ = {
			isa = XCConfigurationList;
			buildConfigurations = (
				E9CCB2E916E4A0870089FFFC /* Debug */,
				E9CCB2EA16E4A0870089FFFC /* Release */,
			);
			defaultConfigurationIsVisible = 0;
		};
		E9CCB31D16E4A48C0089FFFC /* Build configuration list for PBXNativeTarget "test_block" */ = {
			isa = XCConfigurationList;
			buildConfigurations = (
				E9CCB31E16E4A48C0089FFFC /* Debug */,
				E9CCB31F16E4A48C0089FFFC /* Release */,
			);
			defaultConfigurationIsVisible = 0;
		};
/* End XCConfigurationList section */
	};
	rootObject = E9CCB2D316E4A0870089FFFC /* Project object */;
}
