// !$*UTF8*$!
{
	archiveVersion = 1;
	classes = {
	};
	objectVersion = 46;
	objects = {

/* Begin PBXBuildFile section */
		E908133D172949D70073075E /* DataSet.hpp in Headers */ = {isa = PBXBuildFile; fileRef = E9081339172949D70073075E /* DataSet.hpp */; };
		E908133E172949D70073075E /* DataType.hpp in Headers */ = {isa = PBXBuildFile; fileRef = E908133A172949D70073075E /* DataType.hpp */; };
		E908133F172949D70073075E /* PSize.hpp in Headers */ = {isa = PBXBuildFile; fileRef = E908133B172949D70073075E /* PSize.hpp */; };
		E9081340172949D70073075E /* Selection.hpp in Headers */ = {isa = PBXBuildFile; fileRef = E908133C172949D70073075E /* Selection.hpp */; };
		E9081344172949E10073075E /* DataSet.cpp in Sources */ = {isa = PBXBuildFile; fileRef = E9081341172949E10073075E /* DataSet.cpp */; };
		E9081345172949E10073075E /* DataType.cpp in Sources */ = {isa = PBXBuildFile; fileRef = E9081342172949E10073075E /* DataType.cpp */; };
		E9081346172949E10073075E /* Selection.cpp in Sources */ = {isa = PBXBuildFile; fileRef = E9081343172949E10073075E /* Selection.cpp */; };
		E989172517F8BE360037DFA9 /* DataTag.cpp in Sources */ = {isa = PBXBuildFile; fileRef = E989172117F8BE360037DFA9 /* DataTag.cpp */; };
		E989172617F8BE360037DFA9 /* Property.cpp in Sources */ = {isa = PBXBuildFile; fileRef = E989172217F8BE360037DFA9 /* Property.cpp */; };
		E989172717F8BE360037DFA9 /* ReferenceList.cpp in Sources */ = {isa = PBXBuildFile; fileRef = E989172317F8BE360037DFA9 /* ReferenceList.cpp */; };
		E989172817F8BE360037DFA9 /* Section.cpp in Sources */ = {isa = PBXBuildFile; fileRef = E989172417F8BE360037DFA9 /* Section.cpp */; };
		E989172A17F9989A0037DFA9 /* Runner.cpp in Sources */ = {isa = PBXBuildFile; fileRef = E989172917F9989A0037DFA9 /* Runner.cpp */; };
		E989176717F99BEE0037DFA9 /* TestBlock.cpp in Sources */ = {isa = PBXBuildFile; fileRef = E989176517F99BEE0037DFA9 /* TestBlock.cpp */; };
		E989176A17F99CCB0037DFA9 /* TestCharon.cpp in Sources */ = {isa = PBXBuildFile; fileRef = E989176817F99CCB0037DFA9 /* TestCharon.cpp */; };
		E9CCB30716E4A20C0089FFFC /* Block.cpp in Sources */ = {isa = PBXBuildFile; fileRef = E9CCB30116E4A20C0089FFFC /* Block.cpp */; };
		E9CCB30816E4A20C0089FFFC /* File.cpp in Sources */ = {isa = PBXBuildFile; fileRef = E9CCB30216E4A20C0089FFFC /* File.cpp */; };
		E9CCB33016E7AB070089FFFC /* Block.hpp in Headers */ = {isa = PBXBuildFile; fileRef = E9CCB32C16E7AB070089FFFC /* Block.hpp */; };
		E9CCB33116E7AB070089FFFC /* File.hpp in Headers */ = {isa = PBXBuildFile; fileRef = E9CCB32D16E7AB070089FFFC /* File.hpp */; };
		E9CCB33216E7AB070089FFFC /* pandora.hpp in Headers */ = {isa = PBXBuildFile; fileRef = E9CCB32E16E7AB070089FFFC /* pandora.hpp */; };
		E9D8C674172323610037BA7F /* pandora.dylib in Frameworks */ = {isa = PBXBuildFile; fileRef = E9CCB2DB16E4A0870089FFFC /* pandora.dylib */; };
		E9D8C675172323880037BA7F /* libhdf5_cpp.7.dylib in Frameworks */ = {isa = PBXBuildFile; fileRef = E9CCB30916E4A2430089FFFC /* libhdf5_cpp.7.dylib */; };
		E9D8C676172323880037BA7F /* libhdf5.7.dylib in Frameworks */ = {isa = PBXBuildFile; fileRef = E9CCB30A16E4A2430089FFFC /* libhdf5.7.dylib */; };
		E9D8C678172323880037BA7F /* libhdf5_hl.7.dylib in Frameworks */ = {isa = PBXBuildFile; fileRef = E9D8C677172323880037BA7F /* libhdf5_hl.7.dylib */; };
		E9D8C679172323BC0037BA7F /* libcppunit-1.12.1.0.0.dylib in Frameworks */ = {isa = PBXBuildFile; fileRef = E9CCB34B16ECEF120089FFFC /* libcppunit-1.12.1.0.0.dylib */; };
		E9D8C67A172323EF0037BA7F /* libboost_date_time-mt.dylib in Frameworks */ = {isa = PBXBuildFile; fileRef = E9CCB33316E7AB580089FFFC /* libboost_date_time-mt.dylib */; };
		E9DAF095173EAB0C003BE77F /* NDBuffer.hpp in Headers */ = {isa = PBXBuildFile; fileRef = E9DAF094173EAB0C003BE77F /* NDBuffer.hpp */; };
		E9DAF097173EAB13003BE77F /* NDBuffer.cpp in Sources */ = {isa = PBXBuildFile; fileRef = E9DAF096173EAB13003BE77F /* NDBuffer.cpp */; };
		E9E1820017F61A17004BF6C2 /* DataArray.cpp in Sources */ = {isa = PBXBuildFile; fileRef = E9E181F617F61A17004BF6C2 /* DataArray.cpp */; };
		E9E1820117F61A17004BF6C2 /* EntityWithMetadata.cpp in Sources */ = {isa = PBXBuildFile; fileRef = E9E181F717F61A17004BF6C2 /* EntityWithMetadata.cpp */; };
		E9E1820217F61A17004BF6C2 /* EntityWithSources.cpp in Sources */ = {isa = PBXBuildFile; fileRef = E9E181F817F61A17004BF6C2 /* EntityWithSources.cpp */; };
		E9E1820317F61A17004BF6C2 /* NamedEntity.cpp in Sources */ = {isa = PBXBuildFile; fileRef = E9E181F917F61A17004BF6C2 /* NamedEntity.cpp */; };
		E9E1820417F61A17004BF6C2 /* PandoraEntity.cpp in Sources */ = {isa = PBXBuildFile; fileRef = E9E181FA17F61A17004BF6C2 /* PandoraEntity.cpp */; };
		E9E1820517F61A17004BF6C2 /* Representation.cpp in Sources */ = {isa = PBXBuildFile; fileRef = E9E181FB17F61A17004BF6C2 /* Representation.cpp */; };
		E9E1820717F61A17004BF6C2 /* SimpleTag.cpp in Sources */ = {isa = PBXBuildFile; fileRef = E9E181FD17F61A17004BF6C2 /* SimpleTag.cpp */; };
		E9E1820817F61A17004BF6C2 /* Source.cpp in Sources */ = {isa = PBXBuildFile; fileRef = E9E181FE17F61A17004BF6C2 /* Source.cpp */; };
		E9E1820D17F61A22004BF6C2 /* Value.cpp in Sources */ = {isa = PBXBuildFile; fileRef = E9E1820B17F61A22004BF6C2 /* Value.cpp */; };
		E9E1821A17F61A3A004BF6C2 /* DataArray.hpp in Headers */ = {isa = PBXBuildFile; fileRef = E9E1820E17F61A39004BF6C2 /* DataArray.hpp */; };
		E9E1821B17F61A3A004BF6C2 /* EntityWithMetadata.hpp in Headers */ = {isa = PBXBuildFile; fileRef = E9E1820F17F61A39004BF6C2 /* EntityWithMetadata.hpp */; };
		E9E1821C17F61A3A004BF6C2 /* EntityWithSources.hpp in Headers */ = {isa = PBXBuildFile; fileRef = E9E1821017F61A39004BF6C2 /* EntityWithSources.hpp */; };
		E9E1821D17F61A3A004BF6C2 /* NamedEntity.hpp in Headers */ = {isa = PBXBuildFile; fileRef = E9E1821117F61A39004BF6C2 /* NamedEntity.hpp */; };
		E9E1821E17F61A3A004BF6C2 /* PandoraEntity.hpp in Headers */ = {isa = PBXBuildFile; fileRef = E9E1821217F61A39004BF6C2 /* PandoraEntity.hpp */; };
		E9E1821F17F61A3A004BF6C2 /* Representation.hpp in Headers */ = {isa = PBXBuildFile; fileRef = E9E1821317F61A39004BF6C2 /* Representation.hpp */; };
		E9E1822117F61A3A004BF6C2 /* SimpleTag.hpp in Headers */ = {isa = PBXBuildFile; fileRef = E9E1821517F61A39004BF6C2 /* SimpleTag.hpp */; };
		E9E1822217F61A3A004BF6C2 /* Source.hpp in Headers */ = {isa = PBXBuildFile; fileRef = E9E1821617F61A39004BF6C2 /* Source.hpp */; };
		E9E1822517F61A3A004BF6C2 /* Value.hpp in Headers */ = {isa = PBXBuildFile; fileRef = E9E1821917F61A3A004BF6C2 /* Value.hpp */; };
		E9E1822B17F62838004BF6C2 /* libcppunit-1.12.1.0.0.dylib in Frameworks */ = {isa = PBXBuildFile; fileRef = E9E1822617F62838004BF6C2 /* libcppunit-1.12.1.0.0.dylib */; };
		E9E1822C17F62838004BF6C2 /* libhdf5_cpp.7.dylib in Frameworks */ = {isa = PBXBuildFile; fileRef = E9E1822717F62838004BF6C2 /* libhdf5_cpp.7.dylib */; };
		E9E1822D17F62838004BF6C2 /* libhdf5_hl_cpp.7.dylib in Frameworks */ = {isa = PBXBuildFile; fileRef = E9E1822817F62838004BF6C2 /* libhdf5_hl_cpp.7.dylib */; };
		E9E1822E17F62838004BF6C2 /* libhdf5_hl.7.dylib in Frameworks */ = {isa = PBXBuildFile; fileRef = E9E1822917F62838004BF6C2 /* libhdf5_hl.7.dylib */; };
		E9E1822F17F62838004BF6C2 /* libhdf5.7.dylib in Frameworks */ = {isa = PBXBuildFile; fileRef = E9E1822A17F62838004BF6C2 /* libhdf5.7.dylib */; };
		E9E1823017F62942004BF6C2 /* libboost_date_time-mt.dylib in Frameworks */ = {isa = PBXBuildFile; fileRef = E9CCB33316E7AB580089FFFC /* libboost_date_time-mt.dylib */; };
		E9F3F36B17035E94005DE07F /* Group.cpp in Sources */ = {isa = PBXBuildFile; fileRef = E9F3F36417035E94005DE07F /* Group.cpp */; };
		E9F3F37017035E94005DE07F /* Util.cpp in Sources */ = {isa = PBXBuildFile; fileRef = E9F3F36917035E94005DE07F /* Util.cpp */; };
		E9F3F37917035EA2005DE07F /* Group.hpp in Headers */ = {isa = PBXBuildFile; fileRef = E9F3F37217035EA2005DE07F /* Group.hpp */; };
		E9F3F37A17035EA2005DE07F /* Property.hpp in Headers */ = {isa = PBXBuildFile; fileRef = E9F3F37317035EA2005DE07F /* Property.hpp */; };
		E9F3F37C17035EA2005DE07F /* Section.hpp in Headers */ = {isa = PBXBuildFile; fileRef = E9F3F37517035EA2005DE07F /* Section.hpp */; };
		E9F3F37E17035EA2005DE07F /* Util.hpp in Headers */ = {isa = PBXBuildFile; fileRef = E9F3F37717035EA2005DE07F /* Util.hpp */; };
		E9F3F382170E17D6005DE07F /* Charon.hpp in Headers */ = {isa = PBXBuildFile; fileRef = E9F3F381170E17D6005DE07F /* Charon.hpp */; };
/* End PBXBuildFile section */

/* Begin PBXContainerItemProxy section */
		E9D8C672172323500037BA7F /* PBXContainerItemProxy */ = {
			isa = PBXContainerItemProxy;
			containerPortal = E9CCB2D316E4A0870089FFFC /* Project object */;
			proxyType = 1;
			remoteGlobalIDString = E9CCB2DA16E4A0870089FFFC;
			remoteInfo = pandora;
		};
/* End PBXContainerItemProxy section */

/* Begin PBXCopyFilesBuildPhase section */
		E9D8C660172322FC0037BA7F /* CopyFiles */ = {
			isa = PBXCopyFilesBuildPhase;
			buildActionMask = 2147483647;
			dstPath = /usr/share/man/man1/;
			dstSubfolderSpec = 0;
			files = (
			);
			runOnlyForDeploymentPostprocessing = 1;
		};
/* End PBXCopyFilesBuildPhase section */

/* Begin PBXFileReference section */
		E9081339172949D70073075E /* DataSet.hpp */ = {isa = PBXFileReference; fileEncoding = 4; lastKnownFileType = sourcecode.cpp.h; path = DataSet.hpp; sourceTree = "<group>"; };
		E908133A172949D70073075E /* DataType.hpp */ = {isa = PBXFileReference; fileEncoding = 4; lastKnownFileType = sourcecode.cpp.h; path = DataType.hpp; sourceTree = "<group>"; };
		E908133B172949D70073075E /* PSize.hpp */ = {isa = PBXFileReference; fileEncoding = 4; lastKnownFileType = sourcecode.cpp.h; path = PSize.hpp; sourceTree = "<group>"; };
		E908133C172949D70073075E /* Selection.hpp */ = {isa = PBXFileReference; fileEncoding = 4; lastKnownFileType = sourcecode.cpp.h; path = Selection.hpp; sourceTree = "<group>"; };
		E9081341172949E10073075E /* DataSet.cpp */ = {isa = PBXFileReference; fileEncoding = 4; lastKnownFileType = sourcecode.cpp.cpp; path = DataSet.cpp; sourceTree = "<group>"; };
		E9081342172949E10073075E /* DataType.cpp */ = {isa = PBXFileReference; fileEncoding = 4; lastKnownFileType = sourcecode.cpp.cpp; path = DataType.cpp; sourceTree = "<group>"; };
		E9081343172949E10073075E /* Selection.cpp */ = {isa = PBXFileReference; fileEncoding = 4; lastKnownFileType = sourcecode.cpp.cpp; path = Selection.cpp; sourceTree = "<group>"; };
		E989172117F8BE360037DFA9 /* DataTag.cpp */ = {isa = PBXFileReference; fileEncoding = 4; lastKnownFileType = sourcecode.cpp.cpp; path = DataTag.cpp; sourceTree = "<group>"; };
		E989172217F8BE360037DFA9 /* Property.cpp */ = {isa = PBXFileReference; fileEncoding = 4; lastKnownFileType = sourcecode.cpp.cpp; path = Property.cpp; sourceTree = "<group>"; };
		E989172317F8BE360037DFA9 /* ReferenceList.cpp */ = {isa = PBXFileReference; fileEncoding = 4; lastKnownFileType = sourcecode.cpp.cpp; path = ReferenceList.cpp; sourceTree = "<group>"; };
		E989172417F8BE360037DFA9 /* Section.cpp */ = {isa = PBXFileReference; fileEncoding = 4; lastKnownFileType = sourcecode.cpp.cpp; path = Section.cpp; sourceTree = "<group>"; };
		E989172917F9989A0037DFA9 /* Runner.cpp */ = {isa = PBXFileReference; fileEncoding = 4; lastKnownFileType = sourcecode.cpp.cpp; name = Runner.cpp; path = test/Runner.cpp; sourceTree = SOURCE_ROOT; };
		E989176517F99BEE0037DFA9 /* TestBlock.cpp */ = {isa = PBXFileReference; fileEncoding = 4; lastKnownFileType = sourcecode.cpp.cpp; name = TestBlock.cpp; path = test/TestBlock.cpp; sourceTree = SOURCE_ROOT; };
		E989176617F99BEE0037DFA9 /* TestBlock.hpp */ = {isa = PBXFileReference; fileEncoding = 4; lastKnownFileType = sourcecode.cpp.h; name = TestBlock.hpp; path = test/TestBlock.hpp; sourceTree = SOURCE_ROOT; };
		E989176817F99CCB0037DFA9 /* TestCharon.cpp */ = {isa = PBXFileReference; fileEncoding = 4; lastKnownFileType = sourcecode.cpp.cpp; name = TestCharon.cpp; path = test/TestCharon.cpp; sourceTree = SOURCE_ROOT; };
		E989176917F99CCB0037DFA9 /* TestCharon.hpp */ = {isa = PBXFileReference; fileEncoding = 4; lastKnownFileType = sourcecode.cpp.h; name = TestCharon.hpp; path = test/TestCharon.hpp; sourceTree = SOURCE_ROOT; };
		E9CCB2DB16E4A0870089FFFC /* pandora.dylib */ = {isa = PBXFileReference; explicitFileType = "compiled.mach-o.dylib"; includeInIndex = 0; path = pandora.dylib; sourceTree = BUILT_PRODUCTS_DIR; };
		E9CCB30116E4A20C0089FFFC /* Block.cpp */ = {isa = PBXFileReference; fileEncoding = 4; lastKnownFileType = sourcecode.cpp.cpp; path = Block.cpp; sourceTree = "<group>"; };
		E9CCB30216E4A20C0089FFFC /* File.cpp */ = {isa = PBXFileReference; fileEncoding = 4; lastKnownFileType = sourcecode.cpp.cpp; path = File.cpp; sourceTree = "<group>"; };
		E9CCB30916E4A2430089FFFC /* libhdf5_cpp.7.dylib */ = {isa = PBXFileReference; lastKnownFileType = "compiled.mach-o.dylib"; name = libhdf5_cpp.7.dylib; path = /usr/local/Cellar/hdf5/1.8.9/lib/libhdf5_cpp.7.dylib; sourceTree = "<absolute>"; };
		E9CCB30A16E4A2430089FFFC /* libhdf5.7.dylib */ = {isa = PBXFileReference; lastKnownFileType = "compiled.mach-o.dylib"; name = libhdf5.7.dylib; path = /usr/local/Cellar/hdf5/1.8.9/lib/libhdf5.7.dylib; sourceTree = "<absolute>"; };
		E9CCB32C16E7AB070089FFFC /* Block.hpp */ = {isa = PBXFileReference; fileEncoding = 4; lastKnownFileType = sourcecode.cpp.h; path = Block.hpp; sourceTree = "<group>"; };
		E9CCB32D16E7AB070089FFFC /* File.hpp */ = {isa = PBXFileReference; fileEncoding = 4; lastKnownFileType = sourcecode.cpp.h; path = File.hpp; sourceTree = "<group>"; };
		E9CCB32E16E7AB070089FFFC /* pandora.hpp */ = {isa = PBXFileReference; fileEncoding = 4; lastKnownFileType = sourcecode.cpp.h; path = pandora.hpp; sourceTree = "<group>"; };
		E9CCB33316E7AB580089FFFC /* libboost_date_time-mt.dylib */ = {isa = PBXFileReference; lastKnownFileType = "compiled.mach-o.dylib"; name = "libboost_date_time-mt.dylib"; path = "/usr/local/Cellar/boost/1.52.0/lib/libboost_date_time-mt.dylib"; sourceTree = "<absolute>"; };
		E9CCB34B16ECEF120089FFFC /* libcppunit-1.12.1.0.0.dylib */ = {isa = PBXFileReference; lastKnownFileType = "compiled.mach-o.dylib"; name = "libcppunit-1.12.1.0.0.dylib"; path = "/usr/local/Cellar/cppunit/1.12.1/lib/libcppunit-1.12.1.0.0.dylib"; sourceTree = "<absolute>"; };
		E9D8C662172322FC0037BA7F /* TestAll */ = {isa = PBXFileReference; explicitFileType = "compiled.mach-o.executable"; includeInIndex = 0; path = TestAll; sourceTree = BUILT_PRODUCTS_DIR; };
		E9D8C677172323880037BA7F /* libhdf5_hl.7.dylib */ = {isa = PBXFileReference; lastKnownFileType = "compiled.mach-o.dylib"; name = libhdf5_hl.7.dylib; path = /usr/local/Cellar/hdf5/1.8.9/lib/libhdf5_hl.7.dylib; sourceTree = "<absolute>"; };
		E9DAF094173EAB0C003BE77F /* NDBuffer.hpp */ = {isa = PBXFileReference; fileEncoding = 4; lastKnownFileType = sourcecode.cpp.h; path = NDBuffer.hpp; sourceTree = "<group>"; };
		E9DAF096173EAB13003BE77F /* NDBuffer.cpp */ = {isa = PBXFileReference; fileEncoding = 4; lastKnownFileType = sourcecode.cpp.cpp; path = NDBuffer.cpp; sourceTree = "<group>"; };
		E9E181F617F61A17004BF6C2 /* DataArray.cpp */ = {isa = PBXFileReference; fileEncoding = 4; lastKnownFileType = sourcecode.cpp.cpp; path = DataArray.cpp; sourceTree = "<group>"; };
		E9E181F717F61A17004BF6C2 /* EntityWithMetadata.cpp */ = {isa = PBXFileReference; fileEncoding = 4; lastKnownFileType = sourcecode.cpp.cpp; path = EntityWithMetadata.cpp; sourceTree = "<group>"; };
		E9E181F817F61A17004BF6C2 /* EntityWithSources.cpp */ = {isa = PBXFileReference; fileEncoding = 4; lastKnownFileType = sourcecode.cpp.cpp; path = EntityWithSources.cpp; sourceTree = "<group>"; };
		E9E181F917F61A17004BF6C2 /* NamedEntity.cpp */ = {isa = PBXFileReference; fileEncoding = 4; lastKnownFileType = sourcecode.cpp.cpp; path = NamedEntity.cpp; sourceTree = "<group>"; };
		E9E181FA17F61A17004BF6C2 /* PandoraEntity.cpp */ = {isa = PBXFileReference; fileEncoding = 4; lastKnownFileType = sourcecode.cpp.cpp; path = PandoraEntity.cpp; sourceTree = "<group>"; };
		E9E181FB17F61A17004BF6C2 /* Representation.cpp */ = {isa = PBXFileReference; fileEncoding = 4; lastKnownFileType = sourcecode.cpp.cpp; path = Representation.cpp; sourceTree = "<group>"; };
		E9E181FD17F61A17004BF6C2 /* SimpleTag.cpp */ = {isa = PBXFileReference; fileEncoding = 4; lastKnownFileType = sourcecode.cpp.cpp; path = SimpleTag.cpp; sourceTree = "<group>"; };
		E9E181FE17F61A17004BF6C2 /* Source.cpp */ = {isa = PBXFileReference; fileEncoding = 4; lastKnownFileType = sourcecode.cpp.cpp; path = Source.cpp; sourceTree = "<group>"; };
		E9E1820B17F61A22004BF6C2 /* Value.cpp */ = {isa = PBXFileReference; fileEncoding = 4; lastKnownFileType = sourcecode.cpp.cpp; path = Value.cpp; sourceTree = "<group>"; };
		E9E1820E17F61A39004BF6C2 /* DataArray.hpp */ = {isa = PBXFileReference; fileEncoding = 4; lastKnownFileType = sourcecode.cpp.h; path = DataArray.hpp; sourceTree = "<group>"; };
		E9E1820F17F61A39004BF6C2 /* EntityWithMetadata.hpp */ = {isa = PBXFileReference; fileEncoding = 4; lastKnownFileType = sourcecode.cpp.h; path = EntityWithMetadata.hpp; sourceTree = "<group>"; };
		E9E1821017F61A39004BF6C2 /* EntityWithSources.hpp */ = {isa = PBXFileReference; fileEncoding = 4; lastKnownFileType = sourcecode.cpp.h; path = EntityWithSources.hpp; sourceTree = "<group>"; };
		E9E1821117F61A39004BF6C2 /* NamedEntity.hpp */ = {isa = PBXFileReference; fileEncoding = 4; lastKnownFileType = sourcecode.cpp.h; path = NamedEntity.hpp; sourceTree = "<group>"; };
		E9E1821217F61A39004BF6C2 /* PandoraEntity.hpp */ = {isa = PBXFileReference; fileEncoding = 4; lastKnownFileType = sourcecode.cpp.h; path = PandoraEntity.hpp; sourceTree = "<group>"; };
		E9E1821317F61A39004BF6C2 /* Representation.hpp */ = {isa = PBXFileReference; fileEncoding = 4; lastKnownFileType = sourcecode.cpp.h; path = Representation.hpp; sourceTree = "<group>"; };
		E9E1821517F61A39004BF6C2 /* SimpleTag.hpp */ = {isa = PBXFileReference; fileEncoding = 4; lastKnownFileType = sourcecode.cpp.h; path = SimpleTag.hpp; sourceTree = "<group>"; };
		E9E1821617F61A39004BF6C2 /* Source.hpp */ = {isa = PBXFileReference; fileEncoding = 4; lastKnownFileType = sourcecode.cpp.h; path = Source.hpp; sourceTree = "<group>"; };
		E9E1821917F61A3A004BF6C2 /* Value.hpp */ = {isa = PBXFileReference; fileEncoding = 4; lastKnownFileType = sourcecode.cpp.h; path = Value.hpp; sourceTree = "<group>"; };
		E9E1822617F62838004BF6C2 /* libcppunit-1.12.1.0.0.dylib */ = {isa = PBXFileReference; lastKnownFileType = "compiled.mach-o.dylib"; name = "libcppunit-1.12.1.0.0.dylib"; path = "../../sys/lib/libcppunit-1.12.1.0.0.dylib"; sourceTree = "<group>"; };
		E9E1822717F62838004BF6C2 /* libhdf5_cpp.7.dylib */ = {isa = PBXFileReference; lastKnownFileType = "compiled.mach-o.dylib"; name = libhdf5_cpp.7.dylib; path = ../../sys/lib/libhdf5_cpp.7.dylib; sourceTree = "<group>"; };
		E9E1822817F62838004BF6C2 /* libhdf5_hl_cpp.7.dylib */ = {isa = PBXFileReference; lastKnownFileType = "compiled.mach-o.dylib"; name = libhdf5_hl_cpp.7.dylib; path = ../../sys/lib/libhdf5_hl_cpp.7.dylib; sourceTree = "<group>"; };
		E9E1822917F62838004BF6C2 /* libhdf5_hl.7.dylib */ = {isa = PBXFileReference; lastKnownFileType = "compiled.mach-o.dylib"; name = libhdf5_hl.7.dylib; path = ../../sys/lib/libhdf5_hl.7.dylib; sourceTree = "<group>"; };
		E9E1822A17F62838004BF6C2 /* libhdf5.7.dylib */ = {isa = PBXFileReference; lastKnownFileType = "compiled.mach-o.dylib"; name = libhdf5.7.dylib; path = ../../sys/lib/libhdf5.7.dylib; sourceTree = "<group>"; };
		E9F3F36417035E94005DE07F /* Group.cpp */ = {isa = PBXFileReference; fileEncoding = 4; lastKnownFileType = sourcecode.cpp.cpp; path = Group.cpp; sourceTree = "<group>"; };
		E9F3F36917035E94005DE07F /* Util.cpp */ = {isa = PBXFileReference; fileEncoding = 4; lastKnownFileType = sourcecode.cpp.cpp; path = Util.cpp; sourceTree = "<group>"; };
		E9F3F37217035EA2005DE07F /* Group.hpp */ = {isa = PBXFileReference; fileEncoding = 4; lastKnownFileType = sourcecode.cpp.h; path = Group.hpp; sourceTree = "<group>"; };
		E9F3F37317035EA2005DE07F /* Property.hpp */ = {isa = PBXFileReference; fileEncoding = 4; lastKnownFileType = sourcecode.cpp.h; path = Property.hpp; sourceTree = "<group>"; };
		E9F3F37517035EA2005DE07F /* Section.hpp */ = {isa = PBXFileReference; fileEncoding = 4; lastKnownFileType = sourcecode.cpp.h; path = Section.hpp; sourceTree = "<group>"; };
		E9F3F37717035EA2005DE07F /* Util.hpp */ = {isa = PBXFileReference; fileEncoding = 4; lastKnownFileType = sourcecode.cpp.h; path = Util.hpp; sourceTree = "<group>"; };
		E9F3F381170E17D6005DE07F /* Charon.hpp */ = {isa = PBXFileReference; fileEncoding = 4; lastKnownFileType = sourcecode.cpp.h; path = Charon.hpp; sourceTree = "<group>"; };
/* End PBXFileReference section */

/* Begin PBXFrameworksBuildPhase section */
		E9CCB2D816E4A0870089FFFC /* Frameworks */ = {
			isa = PBXFrameworksBuildPhase;
			buildActionMask = 2147483647;
			files = (
				E9E1823017F62942004BF6C2 /* libboost_date_time-mt.dylib in Frameworks */,
				E9E1822B17F62838004BF6C2 /* libcppunit-1.12.1.0.0.dylib in Frameworks */,
				E9E1822C17F62838004BF6C2 /* libhdf5_cpp.7.dylib in Frameworks */,
				E9E1822D17F62838004BF6C2 /* libhdf5_hl_cpp.7.dylib in Frameworks */,
				E9E1822E17F62838004BF6C2 /* libhdf5_hl.7.dylib in Frameworks */,
				E9E1822F17F62838004BF6C2 /* libhdf5.7.dylib in Frameworks */,
			);
			runOnlyForDeploymentPostprocessing = 0;
		};
		E9D8C65F172322FC0037BA7F /* Frameworks */ = {
			isa = PBXFrameworksBuildPhase;
			buildActionMask = 2147483647;
			files = (
				E9D8C679172323BC0037BA7F /* libcppunit-1.12.1.0.0.dylib in Frameworks */,
				E9D8C67A172323EF0037BA7F /* libboost_date_time-mt.dylib in Frameworks */,
				E9D8C678172323880037BA7F /* libhdf5_hl.7.dylib in Frameworks */,
				E9D8C675172323880037BA7F /* libhdf5_cpp.7.dylib in Frameworks */,
				E9D8C676172323880037BA7F /* libhdf5.7.dylib in Frameworks */,
				E9D8C674172323610037BA7F /* pandora.dylib in Frameworks */,
			);
			runOnlyForDeploymentPostprocessing = 0;
		};
/* End PBXFrameworksBuildPhase section */

/* Begin PBXGroup section */
		E9CCB2D216E4A0870089FFFC = {
			isa = PBXGroup;
			children = (
				E9CCB2FB16E4A20C0089FFFC /* include */,
				E9CCB2FF16E4A20C0089FFFC /* src */,
				E9CCB32216E4A4C70089FFFC /* libs */,
				E9D8C663172322FC0037BA7F /* TestAll */,
				E9CCB2DC16E4A0870089FFFC /* Products */,
			);
			sourceTree = "<group>";
		};
		E9CCB2DC16E4A0870089FFFC /* Products */ = {
			isa = PBXGroup;
			children = (
				E9CCB2DB16E4A0870089FFFC /* pandora.dylib */,
				E9D8C662172322FC0037BA7F /* TestAll */,
			);
			name = Products;
			sourceTree = "<group>";
		};
		E9CCB2FB16E4A20C0089FFFC /* include */ = {
			isa = PBXGroup;
			children = (
				E9CCB32A16E7AB070089FFFC /* pandora */,
				E9CCB32E16E7AB070089FFFC /* pandora.hpp */,
			);
			path = include;
			sourceTree = "<group>";
		};
		E9CCB2FF16E4A20C0089FFFC /* src */ = {
			isa = PBXGroup;
			children = (
				E989172117F8BE360037DFA9 /* DataTag.cpp */,
				E989172217F8BE360037DFA9 /* Property.cpp */,
				E989172317F8BE360037DFA9 /* ReferenceList.cpp */,
				E989172417F8BE360037DFA9 /* Section.cpp */,
				E9E1820B17F61A22004BF6C2 /* Value.cpp */,
				E9E181F617F61A17004BF6C2 /* DataArray.cpp */,
				E9E181F717F61A17004BF6C2 /* EntityWithMetadata.cpp */,
				E9E181F817F61A17004BF6C2 /* EntityWithSources.cpp */,
				E9E181F917F61A17004BF6C2 /* NamedEntity.cpp */,
				E9E181FA17F61A17004BF6C2 /* PandoraEntity.cpp */,
				E9E181FB17F61A17004BF6C2 /* Representation.cpp */,
				E9E181FD17F61A17004BF6C2 /* SimpleTag.cpp */,
				E9E181FE17F61A17004BF6C2 /* Source.cpp */,
				E9DAF096173EAB13003BE77F /* NDBuffer.cpp */,
				E9081341172949E10073075E /* DataSet.cpp */,
				E9081342172949E10073075E /* DataType.cpp */,
				E9081343172949E10073075E /* Selection.cpp */,
				E9F3F36417035E94005DE07F /* Group.cpp */,
				E9F3F36917035E94005DE07F /* Util.cpp */,
				E9CCB30116E4A20C0089FFFC /* Block.cpp */,
				E9CCB30216E4A20C0089FFFC /* File.cpp */,
			);
			path = src;
			sourceTree = "<group>";
		};
		E9CCB32216E4A4C70089FFFC /* libs */ = {
			isa = PBXGroup;
			children = (
				E9E1822617F62838004BF6C2 /* libcppunit-1.12.1.0.0.dylib */,
				E9E1822717F62838004BF6C2 /* libhdf5_cpp.7.dylib */,
				E9E1822817F62838004BF6C2 /* libhdf5_hl_cpp.7.dylib */,
				E9E1822917F62838004BF6C2 /* libhdf5_hl.7.dylib */,
				E9E1822A17F62838004BF6C2 /* libhdf5.7.dylib */,
				E9D8C677172323880037BA7F /* libhdf5_hl.7.dylib */,
				E9CCB34B16ECEF120089FFFC /* libcppunit-1.12.1.0.0.dylib */,
				E9CCB33316E7AB580089FFFC /* libboost_date_time-mt.dylib */,
				E9CCB30916E4A2430089FFFC /* libhdf5_cpp.7.dylib */,
				E9CCB30A16E4A2430089FFFC /* libhdf5.7.dylib */,
			);
			name = libs;
			sourceTree = "<group>";
		};
		E9CCB32A16E7AB070089FFFC /* pandora */ = {
			isa = PBXGroup;
			children = (
				E9E1820E17F61A39004BF6C2 /* DataArray.hpp */,
				E9E1820F17F61A39004BF6C2 /* EntityWithMetadata.hpp */,
				E9E1821017F61A39004BF6C2 /* EntityWithSources.hpp */,
				E9E1821117F61A39004BF6C2 /* NamedEntity.hpp */,
				E9E1821217F61A39004BF6C2 /* PandoraEntity.hpp */,
				E9E1821317F61A39004BF6C2 /* Representation.hpp */,
				E9E1821517F61A39004BF6C2 /* SimpleTag.hpp */,
				E9E1821617F61A39004BF6C2 /* Source.hpp */,
				E9E1821917F61A3A004BF6C2 /* Value.hpp */,
				E9DAF094173EAB0C003BE77F /* NDBuffer.hpp */,
				E9081339172949D70073075E /* DataSet.hpp */,
				E908133A172949D70073075E /* DataType.hpp */,
				E908133B172949D70073075E /* PSize.hpp */,
				E908133C172949D70073075E /* Selection.hpp */,
				E9F3F381170E17D6005DE07F /* Charon.hpp */,
				E9F3F37217035EA2005DE07F /* Group.hpp */,
				E9F3F37317035EA2005DE07F /* Property.hpp */,
				E9F3F37517035EA2005DE07F /* Section.hpp */,
				E9F3F37717035EA2005DE07F /* Util.hpp */,
				E9CCB32C16E7AB070089FFFC /* Block.hpp */,
				E9CCB32D16E7AB070089FFFC /* File.hpp */,
			);
			path = pandora;
			sourceTree = "<group>";
		};
		E9D8C663172322FC0037BA7F /* TestAll */ = {
			isa = PBXGroup;
			children = (
				E989176817F99CCB0037DFA9 /* TestCharon.cpp */,
				E989176917F99CCB0037DFA9 /* TestCharon.hpp */,
				E989176517F99BEE0037DFA9 /* TestBlock.cpp */,
				E989176617F99BEE0037DFA9 /* TestBlock.hpp */,
				E989172917F9989A0037DFA9 /* Runner.cpp */,
			);
			path = TestAll;
			sourceTree = "<group>";
		};
/* End PBXGroup section */

/* Begin PBXHeadersBuildPhase section */
		E9CCB2D916E4A0870089FFFC /* Headers */ = {
			isa = PBXHeadersBuildPhase;
			buildActionMask = 2147483647;
			files = (
				E9E1821C17F61A3A004BF6C2 /* EntityWithSources.hpp in Headers */,
				E9CCB33016E7AB070089FFFC /* Block.hpp in Headers */,
				E9CCB33116E7AB070089FFFC /* File.hpp in Headers */,
				E9E1821F17F61A3A004BF6C2 /* Representation.hpp in Headers */,
				E9E1821E17F61A3A004BF6C2 /* PandoraEntity.hpp in Headers */,
				E9CCB33216E7AB070089FFFC /* pandora.hpp in Headers */,
				E9F3F37917035EA2005DE07F /* Group.hpp in Headers */,
				E9F3F37A17035EA2005DE07F /* Property.hpp in Headers */,
				E9E1821D17F61A3A004BF6C2 /* NamedEntity.hpp in Headers */,
				E9F3F37C17035EA2005DE07F /* Section.hpp in Headers */,
				E9E1821A17F61A3A004BF6C2 /* DataArray.hpp in Headers */,
				E9F3F37E17035EA2005DE07F /* Util.hpp in Headers */,
				E9F3F382170E17D6005DE07F /* Charon.hpp in Headers */,
				E9E1821B17F61A3A004BF6C2 /* EntityWithMetadata.hpp in Headers */,
				E908133D172949D70073075E /* DataSet.hpp in Headers */,
				E9E1822117F61A3A004BF6C2 /* SimpleTag.hpp in Headers */,
				E908133E172949D70073075E /* DataType.hpp in Headers */,
				E908133F172949D70073075E /* PSize.hpp in Headers */,
				E9081340172949D70073075E /* Selection.hpp in Headers */,
				E9E1822217F61A3A004BF6C2 /* Source.hpp in Headers */,
				E9DAF095173EAB0C003BE77F /* NDBuffer.hpp in Headers */,
				E9E1822517F61A3A004BF6C2 /* Value.hpp in Headers */,
			);
			runOnlyForDeploymentPostprocessing = 0;
		};
/* End PBXHeadersBuildPhase section */

/* Begin PBXNativeTarget section */
		E9CCB2DA16E4A0870089FFFC /* pandora */ = {
			isa = PBXNativeTarget;
			buildConfigurationList = E9CCB2E816E4A0870089FFFC /* Build configuration list for PBXNativeTarget "pandora" */;
			buildPhases = (
				E9CCB2D716E4A0870089FFFC /* Sources */,
				E9CCB2D816E4A0870089FFFC /* Frameworks */,
				E9CCB2D916E4A0870089FFFC /* Headers */,
			);
			buildRules = (
			);
			dependencies = (
			);
			name = pandora;
			productName = Pandora;
			productReference = E9CCB2DB16E4A0870089FFFC /* pandora.dylib */;
			productType = "com.apple.product-type.library.dynamic";
		};
		E9D8C661172322FC0037BA7F /* TestAll */ = {
			isa = PBXNativeTarget;
			buildConfigurationList = E9D8C668172322FC0037BA7F /* Build configuration list for PBXNativeTarget "TestAll" */;
			buildPhases = (
				E9D8C65E172322FC0037BA7F /* Sources */,
				E9D8C65F172322FC0037BA7F /* Frameworks */,
				E9D8C660172322FC0037BA7F /* CopyFiles */,
			);
			buildRules = (
			);
			dependencies = (
				E9D8C673172323500037BA7F /* PBXTargetDependency */,
			);
			name = TestAll;
			productName = TestAll;
			productReference = E9D8C662172322FC0037BA7F /* TestAll */;
			productType = "com.apple.product-type.tool";
		};
/* End PBXNativeTarget section */

/* Begin PBXProject section */
		E9CCB2D316E4A0870089FFFC /* Project object */ = {
			isa = PBXProject;
			attributes = {
				LastUpgradeCheck = 0460;
				ORGANIZATIONNAME = "G-Node";
			};
			buildConfigurationList = E9CCB2D616E4A0870089FFFC /* Build configuration list for PBXProject "pandora" */;
			compatibilityVersion = "Xcode 3.2";
			developmentRegion = English;
			hasScannedForEncodings = 0;
			knownRegions = (
				en,
			);
			mainGroup = E9CCB2D216E4A0870089FFFC;
			productRefGroup = E9CCB2DC16E4A0870089FFFC /* Products */;
			projectDirPath = "";
			projectRoot = "";
			targets = (
				E9CCB2DA16E4A0870089FFFC /* pandora */,
				E9D8C661172322FC0037BA7F /* TestAll */,
			);
		};
/* End PBXProject section */

/* Begin PBXSourcesBuildPhase section */
		E9CCB2D716E4A0870089FFFC /* Sources */ = {
			isa = PBXSourcesBuildPhase;
			buildActionMask = 2147483647;
			files = (
				E9F3F37017035E94005DE07F /* Util.cpp in Sources */,
				E9081345172949E10073075E /* DataType.cpp in Sources */,
				E9081344172949E10073075E /* DataSet.cpp in Sources */,
				E9081346172949E10073075E /* Selection.cpp in Sources */,
				E9DAF097173EAB13003BE77F /* NDBuffer.cpp in Sources */,
				E989172817F8BE360037DFA9 /* Section.cpp in Sources */,
				E9F3F36B17035E94005DE07F /* Group.cpp in Sources */,
				E9E1820417F61A17004BF6C2 /* PandoraEntity.cpp in Sources */,
				E9E1820317F61A17004BF6C2 /* NamedEntity.cpp in Sources */,
				E989172517F8BE360037DFA9 /* DataTag.cpp in Sources */,
				E989172717F8BE360037DFA9 /* ReferenceList.cpp in Sources */,
				E9E1820217F61A17004BF6C2 /* EntityWithSources.cpp in Sources */,
				E9E1820117F61A17004BF6C2 /* EntityWithMetadata.cpp in Sources */,
				E9CCB30816E4A20C0089FFFC /* File.cpp in Sources */,
				E989172617F8BE360037DFA9 /* Property.cpp in Sources */,
				E9CCB30716E4A20C0089FFFC /* Block.cpp in Sources */,
				E9E1820017F61A17004BF6C2 /* DataArray.cpp in Sources */,
				E9E1820717F61A17004BF6C2 /* SimpleTag.cpp in Sources */,
				E9E1820517F61A17004BF6C2 /* Representation.cpp in Sources */,
				E9E1820817F61A17004BF6C2 /* Source.cpp in Sources */,
				E9E1820D17F61A22004BF6C2 /* Value.cpp in Sources */,
				E989172A17F9989A0037DFA9 /* Runner.cpp in Sources */,
			);
			runOnlyForDeploymentPostprocessing = 0;
		};
		E9D8C65E172322FC0037BA7F /* Sources */ = {
			isa = PBXSourcesBuildPhase;
			buildActionMask = 2147483647;
			files = (
				E989176A17F99CCB0037DFA9 /* TestCharon.cpp in Sources */,
				E989176717F99BEE0037DFA9 /* TestBlock.cpp in Sources */,
			);
			runOnlyForDeploymentPostprocessing = 0;
		};
/* End PBXSourcesBuildPhase section */

/* Begin PBXTargetDependency section */
		E9D8C673172323500037BA7F /* PBXTargetDependency */ = {
			isa = PBXTargetDependency;
			target = E9CCB2DA16E4A0870089FFFC /* pandora */;
			targetProxy = E9D8C672172323500037BA7F /* PBXContainerItemProxy */;
		};
/* End PBXTargetDependency section */

/* Begin XCBuildConfiguration section */
		E9CCB2E616E4A0870089FFFC /* Debug */ = {
			isa = XCBuildConfiguration;
			buildSettings = {
				ALWAYS_SEARCH_USER_PATHS = NO;
				ARCHS = "$(ARCHS_STANDARD_64_BIT)";
				CLANG_CXX_LANGUAGE_STANDARD = "c++0x";
				CLANG_CXX_LIBRARY = "libstdc++";
				CLANG_WARN_CONSTANT_CONVERSION = YES;
				CLANG_WARN_EMPTY_BODY = YES;
				CLANG_WARN_ENUM_CONVERSION = YES;
				CLANG_WARN_INT_CONVERSION = YES;
				CLANG_WARN__DUPLICATE_METHOD_MATCH = YES;
				COPY_PHASE_STRIP = NO;
				GCC_C_LANGUAGE_STANDARD = c11;
				GCC_DYNAMIC_NO_PIC = NO;
				GCC_ENABLE_OBJC_EXCEPTIONS = YES;
				GCC_OPTIMIZATION_LEVEL = 0;
				GCC_PREPROCESSOR_DEFINITIONS = (
					"DEBUG=1",
					"$(inherited)",
				);
				GCC_SYMBOLS_PRIVATE_EXTERN = NO;
				GCC_WARN_64_TO_32_BIT_CONVERSION = YES;
				GCC_WARN_ABOUT_RETURN_TYPE = YES;
				GCC_WARN_UNINITIALIZED_AUTOS = YES;
				GCC_WARN_UNUSED_VARIABLE = YES;
				HEADER_SEARCH_PATHS = (
					/opt/include,
					"$(SRCROOT)/include",
					/usr/local/include,
				);
				LIBRARY_SEARCH_PATHS = (
					/Users/gicmo/Coding/sys/lib,
					/opt/lib,
					/usr/local/lib,
				);
				MACOSX_DEPLOYMENT_TARGET = 10.8;
				ONLY_ACTIVE_ARCH = YES;
				SDKROOT = macosx;
			};
			name = Debug;
		};
		E9CCB2E716E4A0870089FFFC /* Release */ = {
			isa = XCBuildConfiguration;
			buildSettings = {
				ALWAYS_SEARCH_USER_PATHS = NO;
				ARCHS = "$(ARCHS_STANDARD_64_BIT)";
				CLANG_CXX_LANGUAGE_STANDARD = "c++0x";
				CLANG_CXX_LIBRARY = "libstdc++";
				CLANG_WARN_CONSTANT_CONVERSION = YES;
				CLANG_WARN_EMPTY_BODY = YES;
				CLANG_WARN_ENUM_CONVERSION = YES;
				CLANG_WARN_INT_CONVERSION = YES;
				CLANG_WARN__DUPLICATE_METHOD_MATCH = YES;
				COPY_PHASE_STRIP = YES;
				DEBUG_INFORMATION_FORMAT = "dwarf-with-dsym";
				GCC_C_LANGUAGE_STANDARD = c11;
				GCC_ENABLE_OBJC_EXCEPTIONS = YES;
				GCC_WARN_64_TO_32_BIT_CONVERSION = YES;
				GCC_WARN_ABOUT_RETURN_TYPE = YES;
				GCC_WARN_UNINITIALIZED_AUTOS = YES;
				GCC_WARN_UNUSED_VARIABLE = YES;
				HEADER_SEARCH_PATHS = (
					/opt/include,
					"$(SRCROOT)/include",
					/usr/local/include,
				);
				LIBRARY_SEARCH_PATHS = (
					/Users/gicmo/Coding/sys/lib,
					/opt/lib,
					/usr/local/lib,
				);
				MACOSX_DEPLOYMENT_TARGET = 10.8;
				SDKROOT = macosx;
			};
			name = Release;
		};
		E9CCB2E916E4A0870089FFFC /* Debug */ = {
			isa = XCBuildConfiguration;
			buildSettings = {
				CLANG_CXX_LIBRARY = "libc++";
				HEADER_SEARCH_PATHS = (
					/Users/gicmo/Coding/sys/include,
					/usr/local/include,
					"$(SRCROOT)/include",
				);
				LIBRARY_SEARCH_PATHS = (
					"$(inherited)",
					/Users/gicmo/Coding/sys/lib,
					/usr/local/Cellar/boost/1.52.0/lib,
				);
				PRODUCT_NAME = pandora;
			};
			name = Debug;
		};
		E9CCB2EA16E4A0870089FFFC /* Release */ = {
			isa = XCBuildConfiguration;
			buildSettings = {
				CLANG_CXX_LIBRARY = "libc++";
				HEADER_SEARCH_PATHS = (
					/Users/gicmo/Coding/sys/include,
					/usr/local/include,
					"$(SRCROOT)/include",
				);
				LIBRARY_SEARCH_PATHS = (
					"$(inherited)",
					/Users/gicmo/Coding/sys/lib,
					/usr/local/Cellar/boost/1.52.0/lib,
				);
				PRODUCT_NAME = pandora;
			};
			name = Release;
		};
		E9D8C669172322FC0037BA7F /* Debug */ = {
			isa = XCBuildConfiguration;
			buildSettings = {
				CLANG_CXX_LIBRARY = "libc++";
				LIBRARY_SEARCH_PATHS = "$(inherited)";
				PRODUCT_NAME = "$(TARGET_NAME)";
			};
			name = Debug;
		};
		E9D8C66A172322FC0037BA7F /* Release */ = {
			isa = XCBuildConfiguration;
			buildSettings = {
				CLANG_CXX_LIBRARY = "libc++";
				LIBRARY_SEARCH_PATHS = "$(inherited)";
				PRODUCT_NAME = "$(TARGET_NAME)";
			};
			name = Release;
		};
/* End XCBuildConfiguration section */

/* Begin XCConfigurationList section */
		E9CCB2D616E4A0870089FFFC /* Build configuration list for PBXProject "pandora" */ = {
			isa = XCConfigurationList;
			buildConfigurations = (
				E9CCB2E616E4A0870089FFFC /* Debug */,
				E9CCB2E716E4A0870089FFFC /* Release */,
			);
			defaultConfigurationIsVisible = 0;
			defaultConfigurationName = Release;
		};
		E9CCB2E816E4A0870089FFFC /* Build configuration list for PBXNativeTarget "pandora" */ = {
			isa = XCConfigurationList;
			buildConfigurations = (
				E9CCB2E916E4A0870089FFFC /* Debug */,
				E9CCB2EA16E4A0870089FFFC /* Release */,
			);
			defaultConfigurationIsVisible = 0;
			defaultConfigurationName = Release;
		};
		E9D8C668172322FC0037BA7F /* Build configuration list for PBXNativeTarget "TestAll" */ = {
			isa = XCConfigurationList;
			buildConfigurations = (
				E9D8C669172322FC0037BA7F /* Debug */,
				E9D8C66A172322FC0037BA7F /* Release */,
			);
			defaultConfigurationIsVisible = 0;
			defaultConfigurationName = Release;
		};
/* End XCConfigurationList section */
	};
	rootObject = E9CCB2D316E4A0870089FFFC /* Project object */;
}
